
Microsoft Visual Studio Solution File, Format Version 12.00
# Visual Studio Version 16
VisualStudioVersion = 16.0.30011.22
MinimumVisualStudioVersion = 10.0.40219.1
Project("{FAE04EC0-301F-11D3-BF4B-00C04F79EFBC}") = "ClaimDoors", "Source\v1.1\ClaimDoors.csproj", "{50B83E76-BCA8-4B98-8545-9046ADE302AA}"
EndProject
Global
	GlobalSection(SolutionConfigurationPlatforms) = preSolution
		Debug|Any CPU = Debug|Any CPU
		Release|Any CPU = Release|Any CPU
	EndGlobalSection
	GlobalSection(ProjectConfigurationPlatforms) = postSolution
		{50B83E76-BCA8-4B98-8545-9046ADE302AA}.Debug|Any CPU.ActiveCfg = Debug|Any CPU
		{50B83E76-BCA8-4B98-8545-9046ADE302AA}.Debug|Any CPU.Build.0 = Debug|Any CPU
		{50B83E76-BCA8-4B98-8545-9046ADE302AA}.Release|Any CPU.ActiveCfg = Release|Any CPU
		{50B83E76-BCA8-4B98-8545-9046ADE302AA}.Release|Any CPU.Build.0 = Release|Any CPU
	EndGlobalSection
	GlobalSection(SolutionProperties) = preSolution
		HideSolutionNode = FALSE
	EndGlobalSection
	GlobalSection(ExtensibilityGlobals) = postSolution
		SolutionGuid = {E143DAA0-412B-49F5-BC4B-43FC5C602476}
	EndGlobalSection
EndGlobal
